// !$*UTF8*$!
{
	archiveVersion = 1;
	classes = {
	};
	objectVersion = 46;
	objects = {

/* Begin PBXBuildFile section */
		734144111A2DCF5100239C2D /* TheFirstViewController.swift in Sources */ = {isa = PBXBuildFile; fileRef = 734144101A2DCF5100239C2D /* TheFirstViewController.swift */; };
		734144131A2DD00A00239C2D /* MainViewController.swift in Sources */ = {isa = PBXBuildFile; fileRef = 734144121A2DD00A00239C2D /* MainViewController.swift */; };
		734144151A2DF45B00239C2D /* SecondViewController.swift in Sources */ = {isa = PBXBuildFile; fileRef = 734144141A2DF45B00239C2D /* SecondViewController.swift */; };
		73AA7CB51A2E1BB400DC1308 /* TaskCell.swift in Sources */ = {isa = PBXBuildFile; fileRef = 73AA7CB41A2E1BB400DC1308 /* TaskCell.swift */; };
		73CF02721A2CC630006830B1 /* AppDelegate.swift in Sources */ = {isa = PBXBuildFile; fileRef = 73CF02711A2CC630006830B1 /* AppDelegate.swift */; };
		73CF02771A2CC630006830B1 /* Main.storyboard in Resources */ = {isa = PBXBuildFile; fileRef = 73CF02751A2CC630006830B1 /* Main.storyboard */; };
		73CF02791A2CC630006830B1 /* Images.xcassets in Resources */ = {isa = PBXBuildFile; fileRef = 73CF02781A2CC630006830B1 /* Images.xcassets */; };
		73CF027C1A2CC630006830B1 /* LaunchScreen.xib in Resources */ = {isa = PBXBuildFile; fileRef = 73CF027A1A2CC630006830B1 /* LaunchScreen.xib */; };
		73CF02881A2CC630006830B1 /* test01Tests.swift in Sources */ = {isa = PBXBuildFile; fileRef = 73CF02871A2CC630006830B1 /* test01Tests.swift */; };
/* End PBXBuildFile section */

/* Begin PBXContainerItemProxy section */
		73CF02821A2CC630006830B1 /* PBXContainerItemProxy */ = {
			isa = PBXContainerItemProxy;
			containerPortal = 73CF02641A2CC630006830B1 /* Project object */;
			proxyType = 1;
			remoteGlobalIDString = 73CF026B1A2CC630006830B1;
			remoteInfo = test01;
		};
/* End PBXContainerItemProxy section */

/* Begin PBXFileReference section */
		734144101A2DCF5100239C2D /* TheFirstViewController.swift */ = {isa = PBXFileReference; fileEncoding = 4; lastKnownFileType = sourcecode.swift; path = TheFirstViewController.swift; sourceTree = "<group>"; };
		734144121A2DD00A00239C2D /* MainViewController.swift */ = {isa = PBXFileReference; fileEncoding = 4; lastKnownFileType = sourcecode.swift; name = MainViewController.swift; path = ../MainViewController.swift; sourceTree = "<group>"; };
		734144141A2DF45B00239C2D /* SecondViewController.swift */ = {isa = PBXFileReference; fileEncoding = 4; lastKnownFileType = sourcecode.swift; path = SecondViewController.swift; sourceTree = "<group>"; };
		73AA7CB41A2E1BB400DC1308 /* TaskCell.swift */ = {isa = PBXFileReference; fileEncoding = 4; lastKnownFileType = sourcecode.swift; path = TaskCell.swift; sourceTree = "<group>"; };
		73CF026C1A2CC630006830B1 /* test01.app */ = {isa = PBXFileReference; explicitFileType = wrapper.application; includeInIndex = 0; path = test01.app; sourceTree = BUILT_PRODUCTS_DIR; };
		73CF02701A2CC630006830B1 /* Info.plist */ = {isa = PBXFileReference; lastKnownFileType = text.plist.xml; path = Info.plist; sourceTree = "<group>"; };
		73CF02711A2CC630006830B1 /* AppDelegate.swift */ = {isa = PBXFileReference; lastKnownFileType = sourcecode.swift; path = AppDelegate.swift; sourceTree = "<group>"; };
		73CF02761A2CC630006830B1 /* Base */ = {isa = PBXFileReference; lastKnownFileType = file.storyboard; name = Base; path = Base.lproj/Main.storyboard; sourceTree = "<group>"; };
		73CF02781A2CC630006830B1 /* Images.xcassets */ = {isa = PBXFileReference; lastKnownFileType = folder.assetcatalog; path = Images.xcassets; sourceTree = "<group>"; };
		73CF027B1A2CC630006830B1 /* Base */ = {isa = PBXFileReference; lastKnownFileType = file.xib; name = Base; path = Base.lproj/LaunchScreen.xib; sourceTree = "<group>"; };
		73CF02811A2CC630006830B1 /* test01Tests.xctest */ = {isa = PBXFileReference; explicitFileType = wrapper.cfbundle; includeInIndex = 0; path = test01Tests.xctest; sourceTree = BUILT_PRODUCTS_DIR; };
		73CF02861A2CC630006830B1 /* Info.plist */ = {isa = PBXFileReference; lastKnownFileType = text.plist.xml; path = Info.plist; sourceTree = "<group>"; };
		73CF02871A2CC630006830B1 /* test01Tests.swift */ = {isa = PBXFileReference; lastKnownFileType = sourcecode.swift; path = test01Tests.swift; sourceTree = "<group>"; };
/* End PBXFileReference section */

/* Begin PBXFrameworksBuildPhase section */
		73CF02691A2CC630006830B1 /* Frameworks */ = {
			isa = PBXFrameworksBuildPhase;
			buildActionMask = 2147483647;
			files = (
			);
			runOnlyForDeploymentPostprocessing = 0;
		};
		73CF027E1A2CC630006830B1 /* Frameworks */ = {
			isa = PBXFrameworksBuildPhase;
			buildActionMask = 2147483647;
			files = (
			);
			runOnlyForDeploymentPostprocessing = 0;
		};
/* End PBXFrameworksBuildPhase section */

/* Begin PBXGroup section */
		73CF02631A2CC630006830B1 = {
			isa = PBXGroup;
			children = (
				73CF026E1A2CC630006830B1 /* test01 */,
				73CF02841A2CC630006830B1 /* test01Tests */,
				73CF026D1A2CC630006830B1 /* Products */,
			);
			sourceTree = "<group>";
		};
		73CF026D1A2CC630006830B1 /* Products */ = {
			isa = PBXGroup;
			children = (
				73CF026C1A2CC630006830B1 /* test01.app */,
				73CF02811A2CC630006830B1 /* test01Tests.xctest */,
			);
			name = Products;
			sourceTree = "<group>";
		};
		73CF026E1A2CC630006830B1 /* test01 */ = {
			isa = PBXGroup;
			children = (
				73CF02711A2CC630006830B1 /* AppDelegate.swift */,
				734144121A2DD00A00239C2D /* MainViewController.swift */,
				73AA7CB41A2E1BB400DC1308 /* TaskCell.swift */,
				73CF02751A2CC630006830B1 /* Main.storyboard */,
				734144141A2DF45B00239C2D /* SecondViewController.swift */,
				734144101A2DCF5100239C2D /* TheFirstViewController.swift */,
				73CF02781A2CC630006830B1 /* Images.xcassets */,
				73CF027A1A2CC630006830B1 /* LaunchScreen.xib */,
				73CF026F1A2CC630006830B1 /* Supporting Files */,
			);
			path = test01;
			sourceTree = "<group>";
		};
		73CF026F1A2CC630006830B1 /* Supporting Files */ = {
			isa = PBXGroup;
			children = (
				73CF02701A2CC630006830B1 /* Info.plist */,
			);
			name = "Supporting Files";
			sourceTree = "<group>";
		};
		73CF02841A2CC630006830B1 /* test01Tests */ = {
			isa = PBXGroup;
			children = (
				73CF02871A2CC630006830B1 /* test01Tests.swift */,
				73CF02851A2CC630006830B1 /* Supporting Files */,
			);
			path = test01Tests;
			sourceTree = "<group>";
		};
		73CF02851A2CC630006830B1 /* Supporting Files */ = {
			isa = PBXGroup;
			children = (
				73CF02861A2CC630006830B1 /* Info.plist */,
			);
			name = "Supporting Files";
			sourceTree = "<group>";
		};
/* End PBXGroup section */

/* Begin PBXNativeTarget section */
		73CF026B1A2CC630006830B1 /* test01 */ = {
			isa = PBXNativeTarget;
			buildConfigurationList = 73CF028B1A2CC630006830B1 /* Build configuration list for PBXNativeTarget "test01" */;
			buildPhases = (
				73CF02681A2CC630006830B1 /* Sources */,
				73CF02691A2CC630006830B1 /* Frameworks */,
				73CF026A1A2CC630006830B1 /* Resources */,
			);
			buildRules = (
			);
			dependencies = (
			);
			name = test01;
			productName = test01;
			productReference = 73CF026C1A2CC630006830B1 /* test01.app */;
			productType = "com.apple.product-type.application";
		};
		73CF02801A2CC630006830B1 /* test01Tests */ = {
			isa = PBXNativeTarget;
			buildConfigurationList = 73CF028E1A2CC630006830B1 /* Build configuration list for PBXNativeTarget "test01Tests" */;
			buildPhases = (
				73CF027D1A2CC630006830B1 /* Sources */,
				73CF027E1A2CC630006830B1 /* Frameworks */,
				73CF027F1A2CC630006830B1 /* Resources */,
			);
			buildRules = (
			);
			dependencies = (
				73CF02831A2CC630006830B1 /* PBXTargetDependency */,
			);
			name = test01Tests;
			productName = test01Tests;
			productReference = 73CF02811A2CC630006830B1 /* test01Tests.xctest */;
			productType = "com.apple.product-type.bundle.unit-test";
		};
/* End PBXNativeTarget section */

/* Begin PBXProject section */
		73CF02641A2CC630006830B1 /* Project object */ = {
			isa = PBXProject;
			attributes = {
				LastUpgradeCheck = 0610;
				ORGANIZATIONNAME = "Martin Brunner";
				TargetAttributes = {
					73CF026B1A2CC630006830B1 = {
						CreatedOnToolsVersion = 6.1;
					};
					73CF02801A2CC630006830B1 = {
						CreatedOnToolsVersion = 6.1;
						TestTargetID = 73CF026B1A2CC630006830B1;
					};
				};
			};
			buildConfigurationList = 73CF02671A2CC630006830B1 /* Build configuration list for PBXProject "test01" */;
			compatibilityVersion = "Xcode 3.2";
			developmentRegion = English;
			hasScannedForEncodings = 0;
			knownRegions = (
				en,
				Base,
			);
			mainGroup = 73CF02631A2CC630006830B1;
			productRefGroup = 73CF026D1A2CC630006830B1 /* Products */;
			projectDirPath = "";
			projectRoot = "";
			targets = (
				73CF026B1A2CC630006830B1 /* test01 */,
				73CF02801A2CC630006830B1 /* test01Tests */,
			);
		};
/* End PBXProject section */

/* Begin PBXResourcesBuildPhase section */
		73CF026A1A2CC630006830B1 /* Resources */ = {
			isa = PBXResourcesBuildPhase;
			buildActionMask = 2147483647;
			files = (
				73CF02771A2CC630006830B1 /* Main.storyboard in Resources */,
				73CF027C1A2CC630006830B1 /* LaunchScreen.xib in Resources */,
				73CF02791A2CC630006830B1 /* Images.xcassets in Resources */,
			);
			runOnlyForDeploymentPostprocessing = 0;
		};
		73CF027F1A2CC630006830B1 /* Resources */ = {
			isa = PBXResourcesBuildPhase;
			buildActionMask = 2147483647;
			files = (
			);
			runOnlyForDeploymentPostprocessing = 0;
		};
/* End PBXResourcesBuildPhase section */

/* Begin PBXSourcesBuildPhase section */
		73CF02681A2CC630006830B1 /* Sources */ = {
			isa = PBXSourcesBuildPhase;
			buildActionMask = 2147483647;
			files = (
				734144151A2DF45B00239C2D /* SecondViewController.swift in Sources */,
				734144131A2DD00A00239C2D /* MainViewController.swift in Sources */,
				73CF02721A2CC630006830B1 /* AppDelegate.swift in Sources */,
				734144111A2DCF5100239C2D /* TheFirstViewController.swift in Sources */,
				73AA7CB51A2E1BB400DC1308 /* TaskCell.swift in Sources */,
			);
			runOnlyForDeploymentPostprocessing = 0;
		};
		73CF027D1A2CC630006830B1 /* Sources */ = {
			isa = PBXSourcesBuildPhase;
			buildActionMask = 2147483647;
			files = (
				73CF02881A2CC630006830B1 /* test01Tests.swift in Sources */,
			);
			runOnlyForDeploymentPostprocessing = 0;
		};
/* End PBXSourcesBuildPhase section */

/* Begin PBXTargetDependency section */
		73CF02831A2CC630006830B1 /* PBXTargetDependency */ = {
			isa = PBXTargetDependency;
			target = 73CF026B1A2CC630006830B1 /* test01 */;
			targetProxy = 73CF02821A2CC630006830B1 /* PBXContainerItemProxy */;
		};
/* End PBXTargetDependency section */

/* Begin PBXVariantGroup section */
		73CF02751A2CC630006830B1 /* Main.storyboard */ = {
			isa = PBXVariantGroup;
			children = (
				73CF02761A2CC630006830B1 /* Base */,
			);
			name = Main.storyboard;
			sourceTree = "<group>";
		};
		73CF027A1A2CC630006830B1 /* LaunchScreen.xib */ = {
			isa = PBXVariantGroup;
			children = (
				73CF027B1A2CC630006830B1 /* Base */,
			);
			name = LaunchScreen.xib;
			sourceTree = "<group>";
		};
/* End PBXVariantGroup section */

/* Begin XCBuildConfiguration section */
		73CF02891A2CC630006830B1 /* Debug */ = {
			isa = XCBuildConfiguration;
			buildSettings = {
				ALWAYS_SEARCH_USER_PATHS = NO;
				CLANG_CXX_LANGUAGE_STANDARD = "gnu++0x";
				CLANG_CXX_LIBRARY = "libc++";
				CLANG_ENABLE_MODULES = YES;
				CLANG_ENABLE_OBJC_ARC = YES;
				CLANG_WARN_BOOL_CONVERSION = YES;
				CLANG_WARN_CONSTANT_CONVERSION = YES;
				CLANG_WARN_DIRECT_OBJC_ISA_USAGE = YES_ERROR;
				CLANG_WARN_EMPTY_BODY = YES;
				CLANG_WARN_ENUM_CONVERSION = YES;
				CLANG_WARN_INT_CONVERSION = YES;
				CLANG_WARN_OBJC_ROOT_CLASS = YES_ERROR;
				CLANG_WARN_UNREACHABLE_CODE = YES;
				CLANG_WARN__DUPLICATE_METHOD_MATCH = YES;
				"CODE_SIGN_IDENTITY[sdk=iphoneos*]" = "iPhone Developer";
				COPY_PHASE_STRIP = NO;
				ENABLE_STRICT_OBJC_MSGSEND = YES;
				GCC_C_LANGUAGE_STANDARD = gnu99;
				GCC_DYNAMIC_NO_PIC = NO;
				GCC_OPTIMIZATION_LEVEL = 0;
				GCC_PREPROCESSOR_DEFINITIONS = (
					"DEBUG=1",
					"$(inherited)",
				);
				GCC_SYMBOLS_PRIVATE_EXTERN = NO;
				GCC_WARN_64_TO_32_BIT_CONVERSION = YES;
				GCC_WARN_ABOUT_RETURN_TYPE = YES_ERROR;
				GCC_WARN_UNDECLARED_SELECTOR = YES;
				GCC_WARN_UNINITIALIZED_AUTOS = YES_AGGRESSIVE;
				GCC_WARN_UNUSED_FUNCTION = YES;
				GCC_WARN_UNUSED_VARIABLE = YES;
				IPHONEOS_DEPLOYMENT_TARGET = 8.1;
				MTL_ENABLE_DEBUG_INFO = YES;
				ONLY_ACTIVE_ARCH = YES;
				SDKROOT = iphoneos;
				SWIFT_OPTIMIZATION_LEVEL = "-Onone";
				TARGETED_DEVICE_FAMILY = "1,2";
			};
			name = Debug;
		};
		73CF028A1A2CC630006830B1 /* Release */ = {
			isa = XCBuildConfiguration;
			buildSettings = {
				ALWAYS_SEARCH_USER_PATHS = NO;
				CLANG_CXX_LANGUAGE_STANDARD = "gnu++0x";
				CLANG_CXX_LIBRARY = "libc++";
				CLANG_ENABLE_MODULES = YES;
				CLANG_ENABLE_OBJC_ARC = YES;
				CLANG_WARN_BOOL_CONVERSION = YES;
				CLANG_WARN_CONSTANT_CONVERSION = YES;
				CLANG_WARN_DIRECT_OBJC_ISA_USAGE = YES_ERROR;
				CLANG_WARN_EMPTY_BODY = YES;
				CLANG_WARN_ENUM_CONVERSION = YES;
				CLANG_WARN_INT_CONVERSION = YES;
				CLANG_WARN_OBJC_ROOT_CLASS = YES_ERROR;
				CLANG_WARN_UNREACHABLE_CODE = YES;
				CLANG_WARN__DUPLICATE_METHOD_MATCH = YES;
				"CODE_SIGN_IDENTITY[sdk=iphoneos*]" = "iPhone Developer";
				COPY_PHASE_STRIP = YES;
				ENABLE_NS_ASSERTIONS = NO;
				ENABLE_STRICT_OBJC_MSGSEND = YES;
				GCC_C_LANGUAGE_STANDARD = gnu99;
				GCC_WARN_64_TO_32_BIT_CONVERSION = YES;
				GCC_WARN_ABOUT_RETURN_TYPE = YES_ERROR;
				GCC_WARN_UNDECLARED_SELECTOR = YES;
				GCC_WARN_UNINITIALIZED_AUTOS = YES_AGGRESSIVE;
				GCC_WARN_UNUSED_FUNCTION = YES;
				GCC_WARN_UNUSED_VARIABLE = YES;
				IPHONEOS_DEPLOYMENT_TARGET = 8.1;
				MTL_ENABLE_DEBUG_INFO = NO;
				SDKROOT = iphoneos;
				TARGETED_DEVICE_FAMILY = "1,2";
				VALIDATE_PRODUCT = YES;
			};
			name = Release;
		};
		73CF028C1A2CC630006830B1 /* Debug */ = {
			isa = XCBuildConfiguration;
			buildSettings = {
				ASSETCATALOG_COMPILER_APPICON_NAME = AppIcon;
				INFOPLIST_FILE = test01/Info.plist;
				LD_RUNPATH_SEARCH_PATHS = "$(inherited) @executable_path/Frameworks";
				PRODUCT_NAME = "$(TARGET_NAME)";
			};
			name = Debug;
		};
		73CF028D1A2CC630006830B1 /* Release */ = {
			isa = XCBuildConfiguration;
			buildSettings = {
				ASSETCATALOG_COMPILER_APPICON_NAME = AppIcon;
				INFOPLIST_FILE = test01/Info.plist;
				LD_RUNPATH_SEARCH_PATHS = "$(inherited) @executable_path/Frameworks";
				PRODUCT_NAME = "$(TARGET_NAME)";
			};
			name = Release;
		};
		73CF028F1A2CC630006830B1 /* Debug */ = {
			isa = XCBuildConfiguration;
			buildSettings = {
				BUNDLE_LOADER = "$(TEST_HOST)";
				FRAMEWORK_SEARCH_PATHS = (
					"$(SDKROOT)/Developer/Library/Frameworks",
					"$(inherited)",
				);
				GCC_PREPROCESSOR_DEFINITIONS = (
					"DEBUG=1",
					"$(inherited)",
				);
				INFOPLIST_FILE = test01Tests/Info.plist;
				LD_RUNPATH_SEARCH_PATHS = "$(inherited) @executable_path/Frameworks @loader_path/Frameworks";
				PRODUCT_NAME = "$(TARGET_NAME)";
				TEST_HOST = "$(BUILT_PRODUCTS_DIR)/test01.app/test01";
			};
			name = Debug;
		};
		73CF02901A2CC630006830B1 /* Release */ = {
			isa = XCBuildConfiguration;
			buildSettings = {
				BUNDLE_LOADER = "$(TEST_HOST)";
				FRAMEWORK_SEARCH_PATHS = (
					"$(SDKROOT)/Developer/Library/Frameworks",
					"$(inherited)",
				);
				INFOPLIST_FILE = test01Tests/Info.plist;
				LD_RUNPATH_SEARCH_PATHS = "$(inherited) @executable_path/Frameworks @loader_path/Frameworks";
				PRODUCT_NAME = "$(TARGET_NAME)";
				TEST_HOST = "$(BUILT_PRODUCTS_DIR)/test01.app/test01";
			};
			name = Release;
		};
/* End XCBuildConfiguration section */

/* Begin XCConfigurationList section */
		73CF02671A2CC630006830B1 /* Build configuration list for PBXProject "test01" */ = {
			isa = XCConfigurationList;
			buildConfigurations = (
				73CF02891A2CC630006830B1 /* Debug */,
				73CF028A1A2CC630006830B1 /* Release */,
			);
			defaultConfigurationIsVisible = 0;
			defaultConfigurationName = Release;
		};
		73CF028B1A2CC630006830B1 /* Build configuration list for PBXNativeTarget "test01" */ = {
			isa = XCConfigurationList;
			buildConfigurations = (
				73CF028C1A2CC630006830B1 /* Debug */,
				73CF028D1A2CC630006830B1 /* Release */,
			);
			defaultConfigurationIsVisible = 0;
			defaultConfigurationName = Release;
		};
		73CF028E1A2CC630006830B1 /* Build configuration list for PBXNativeTarget "test01Tests" */ = {
			isa = XCConfigurationList;
			buildConfigurations = (
				73CF028F1A2CC630006830B1 /* Debug */,
				73CF02901A2CC630006830B1 /* Release */,
			);
			defaultConfigurationIsVisible = 0;
			defaultConfigurationName = Release;
		};
/* End XCConfigurationList section */
	};
	rootObject = 73CF02641A2CC630006830B1 /* Project object */;
}
